
Microsoft Visual Studio Solution File, Format Version 12.00
# Visual Studio Version 17
VisualStudioVersion = 17.8.34525.116
MinimumVisualStudioVersion = 10.0.40219.1
Project("{FAE04EC0-301F-11D3-BF4B-00C04F79EFBC}") = "Microshop", "Microshop.csproj", "{2ED80A80-13D2-4E93-A9A6-6B169B78F6CB}"
EndProject
Global
	GlobalSection(SolutionConfigurationPlatforms) = preSolution
		Debug|Any CPU = Debug|Any CPU
		Release|Any CPU = Release|Any CPU
	EndGlobalSection
	GlobalSection(ProjectConfigurationPlatforms) = postSolution
		{2ED80A80-13D2-4E93-A9A6-6B169B78F6CB}.Debug|Any CPU.ActiveCfg = Debug|Any CPU
		{2ED80A80-13D2-4E93-A9A6-6B169B78F6CB}.Debug|Any CPU.Build.0 = Debug|Any CPU
		{2ED80A80-13D2-4E93-A9A6-6B169B78F6CB}.Release|Any CPU.ActiveCfg = Release|Any CPU
		{2ED80A80-13D2-4E93-A9A6-6B169B78F6CB}.Release|Any CPU.Build.0 = Release|Any CPU
	EndGlobalSection
	GlobalSection(SolutionProperties) = preSolution
		HideSolutionNode = FALSE
	EndGlobalSection
	GlobalSection(ExtensibilityGlobals) = postSolution
		SolutionGuid = {F7640390-9272-4A24-B976-5A3B320B0D18}
	EndGlobalSection
EndGlobal
