
Microsoft Visual Studio Solution File, Format Version 12.00
# Visual Studio Version 17
VisualStudioVersion = 17.6.33801.468
MinimumVisualStudioVersion = 10.0.40219.1
Project("{9A19103F-16F7-4668-BE54-9A1E7A4F7556}") = "Customer.MicroService", "Customer.MicroService\Customer.MicroService.csproj", "{F31BACED-7B45-4467-B5C1-C161EA9FC202}"
EndProject
Project("{9A19103F-16F7-4668-BE54-9A1E7A4F7556}") = "Customer.MicroService.UnitTests", "Customer.MicroService.UnitTests\Customer.MicroService.UnitTests.csproj", "{EF56BA78-09EC-46FF-83C7-307E12BBFA0F}"
EndProject
Global
	GlobalSection(SolutionConfigurationPlatforms) = preSolution
		Debug|Any CPU = Debug|Any CPU
		Release|Any CPU = Release|Any CPU
	EndGlobalSection
	GlobalSection(ProjectConfigurationPlatforms) = postSolution
		{F31BACED-7B45-4467-B5C1-C161EA9FC202}.Debug|Any CPU.ActiveCfg = Debug|Any CPU
		{F31BACED-7B45-4467-B5C1-C161EA9FC202}.Debug|Any CPU.Build.0 = Debug|Any CPU
		{F31BACED-7B45-4467-B5C1-C161EA9FC202}.Release|Any CPU.ActiveCfg = Release|Any CPU
		{F31BACED-7B45-4467-B5C1-C161EA9FC202}.Release|Any CPU.Build.0 = Release|Any CPU
		{EF56BA78-09EC-46FF-83C7-307E12BBFA0F}.Debug|Any CPU.ActiveCfg = Debug|Any CPU
		{EF56BA78-09EC-46FF-83C7-307E12BBFA0F}.Debug|Any CPU.Build.0 = Debug|Any CPU
		{EF56BA78-09EC-46FF-83C7-307E12BBFA0F}.Release|Any CPU.ActiveCfg = Release|Any CPU
		{EF56BA78-09EC-46FF-83C7-307E12BBFA0F}.Release|Any CPU.Build.0 = Release|Any CPU
	EndGlobalSection
	GlobalSection(SolutionProperties) = preSolution
		HideSolutionNode = FALSE
	EndGlobalSection
	GlobalSection(ExtensibilityGlobals) = postSolution
		SolutionGuid = {28CDEFD8-A426-4B2C-A0E5-CC84371BC91C}
	EndGlobalSection
EndGlobal
